
Microsoft Visual Studio Solution File, Format Version 12.00
# Visual Studio Version 17
VisualStudioVersion = 17.14.36414.22 d17.14
MinimumVisualStudioVersion = 10.0.40219.1
Project("{FAE04EC0-301F-11D3-BF4B-00C04F79EFBC}") = "DeluxeParking", "DeluxeParking.csproj", "{A7CF9C92-6F48-43DA-ADD5-C751808E68DA}"
EndProject
Global
	GlobalSection(SolutionConfigurationPlatforms) = preSolution
		Debug|Any CPU = Debug|Any CPU
		Release|Any CPU = Release|Any CPU
	EndGlobalSection
	GlobalSection(ProjectConfigurationPlatforms) = postSolution
		{A7CF9C92-6F48-43DA-ADD5-C751808E68DA}.Debug|Any CPU.ActiveCfg = Debug|Any CPU
		{A7CF9C92-6F48-43DA-ADD5-C751808E68DA}.Debug|Any CPU.Build.0 = Debug|Any CPU
		{A7CF9C92-6F48-43DA-ADD5-C751808E68DA}.Release|Any CPU.ActiveCfg = Release|Any CPU
		{A7CF9C92-6F48-43DA-ADD5-C751808E68DA}.Release|Any CPU.Build.0 = Release|Any CPU
	EndGlobalSection
	GlobalSection(SolutionProperties) = preSolution
		HideSolutionNode = FALSE
	EndGlobalSection
	GlobalSection(ExtensibilityGlobals) = postSolution
		SolutionGuid = {1F2CD870-0EE4-4D4A-9ACB-448EA6EF4AD2}
	EndGlobalSection
EndGlobal
